Microsoft Visual Studio Solution File, Format Version 12.00
# Visual Studio Version 17
VisualStudioVersion = 17.5.2.0
MinimumVisualStudioVersion = 10.0.40219.1
Project("{FAE04EC0-301F-11D3-BF4B-00C04F79EFBC}") = "Projeto-locadora-de-carros", "Projeto-locadora-de-carros.csproj", "{520D5088-E7C3-C476-622A-ED06F2052CD4}"
EndProject
Global
	GlobalSection(SolutionConfigurationPlatforms) = preSolution
		Debug|Any CPU = Debug|Any CPU
		Release|Any CPU = Release|Any CPU
	EndGlobalSection
	GlobalSection(ProjectConfigurationPlatforms) = postSolution
		{520D5088-E7C3-C476-622A-ED06F2052CD4}.Debug|Any CPU.ActiveCfg = Debug|Any CPU
		{520D5088-E7C3-C476-622A-ED06F2052CD4}.Debug|Any CPU.Build.0 = Debug|Any CPU
		{520D5088-E7C3-C476-622A-ED06F2052CD4}.Release|Any CPU.ActiveCfg = Release|Any CPU
		{520D5088-E7C3-C476-622A-ED06F2052CD4}.Release|Any CPU.Build.0 = Release|Any CPU
	EndGlobalSection
	GlobalSection(SolutionProperties) = preSolution
		HideSolutionNode = FALSE
	EndGlobalSection
	GlobalSection(ExtensibilityGlobals) = postSolution
		SolutionGuid = {2C7C2B4C-691B-42AA-BF9B-9FAFD74C151E}
	EndGlobalSection
EndGlobal
